// !$*UTF8*$!
{
	archiveVersion = 1;
	classes = {
	};
	objectVersion = 50;
	objects = {

/* Begin PBXBuildFile section */
		FAE30D6C260E17C5001F3442 /* AppDelegate.swift in Sources */ = {isa = PBXBuildFile; fileRef = FAE30D6B260E17C5001F3442 /* AppDelegate.swift */; };
		FAE30D6E260E17C5001F3442 /* SceneDelegate.swift in Sources */ = {isa = PBXBuildFile; fileRef = FAE30D6D260E17C5001F3442 /* SceneDelegate.swift */; };
		FAE30D70260E17C5001F3442 /* ViewController.swift in Sources */ = {isa = PBXBuildFile; fileRef = FAE30D6F260E17C5001F3442 /* ViewController.swift */; };
		FAE30D73260E17C5001F3442 /* Main.storyboard in Resources */ = {isa = PBXBuildFile; fileRef = FAE30D71260E17C5001F3442 /* Main.storyboard */; };
		FAE30D75260E17C6001F3442 /* Assets.xcassets in Resources */ = {isa = PBXBuildFile; fileRef = FAE30D74260E17C6001F3442 /* Assets.xcassets */; };
		FAE30D78260E17C6001F3442 /* LaunchScreen.storyboard in Resources */ = {isa = PBXBuildFile; fileRef = FAE30D76260E17C6001F3442 /* LaunchScreen.storyboard */; };
		FAE30D83260E17C6001F3442 /* TicTacToeTests.swift in Sources */ = {isa = PBXBuildFile; fileRef = FAE30D82260E17C6001F3442 /* TicTacToeTests.swift */; };
		FAE30D8E260E17C6001F3442 /* TicTacToeUITests.swift in Sources */ = {isa = PBXBuildFile; fileRef = FAE30D8D260E17C6001F3442 /* TicTacToeUITests.swift */; };
/* End PBXBuildFile section */

/* Begin PBXContainerItemProxy section */
		FAE30D7F260E17C6001F3442 /* PBXContainerItemProxy */ = {
			isa = PBXContainerItemProxy;
			containerPortal = FAE30D60260E17C5001F3442 /* Project object */;
			proxyType = 1;
			remoteGlobalIDString = FAE30D67260E17C5001F3442;
			remoteInfo = TicTacToe;
		};
		FAE30D8A260E17C6001F3442 /* PBXContainerItemProxy */ = {
			isa = PBXContainerItemProxy;
			containerPortal = FAE30D60260E17C5001F3442 /* Project object */;
			proxyType = 1;
			remoteGlobalIDString = FAE30D67260E17C5001F3442;
			remoteInfo = TicTacToe;
		};
/* End PBXContainerItemProxy section */

/* Begin PBXFileReference section */
		FAE30D68260E17C5001F3442 /* TicTacToe.app */ = {isa = PBXFileReference; explicitFileType = wrapper.application; includeInIndex = 0; path = TicTacToe.app; sourceTree = BUILT_PRODUCTS_DIR; };
		FAE30D6B260E17C5001F3442 /* AppDelegate.swift */ = {isa = PBXFileReference; lastKnownFileType = sourcecode.swift; path = AppDelegate.swift; sourceTree = "<group>"; };
		FAE30D6D260E17C5001F3442 /* SceneDelegate.swift */ = {isa = PBXFileReference; lastKnownFileType = sourcecode.swift; path = SceneDelegate.swift; sourceTree = "<group>"; };
		FAE30D6F260E17C5001F3442 /* ViewController.swift */ = {isa = PBXFileReference; lastKnownFileType = sourcecode.swift; path = ViewController.swift; sourceTree = "<group>"; };
		FAE30D72260E17C5001F3442 /* Base */ = {isa = PBXFileReference; lastKnownFileType = file.storyboard; name = Base; path = Base.lproj/Main.storyboard; sourceTree = "<group>"; };
		FAE30D74260E17C6001F3442 /* Assets.xcassets */ = {isa = PBXFileReference; lastKnownFileType = folder.assetcatalog; path = Assets.xcassets; sourceTree = "<group>"; };
		FAE30D77260E17C6001F3442 /* Base */ = {isa = PBXFileReference; lastKnownFileType = file.storyboard; name = Base; path = Base.lproj/LaunchScreen.storyboard; sourceTree = "<group>"; };
		FAE30D79260E17C6001F3442 /* Info.plist */ = {isa = PBXFileReference; lastKnownFileType = text.plist.xml; path = Info.plist; sourceTree = "<group>"; };
		FAE30D7E260E17C6001F3442 /* TicTacToeTests.xctest */ = {isa = PBXFileReference; explicitFileType = wrapper.cfbundle; includeInIndex = 0; path = TicTacToeTests.xctest; sourceTree = BUILT_PRODUCTS_DIR; };
		FAE30D82260E17C6001F3442 /* TicTacToeTests.swift */ = {isa = PBXFileReference; lastKnownFileType = sourcecode.swift; path = TicTacToeTests.swift; sourceTree = "<group>"; };
		FAE30D84260E17C6001F3442 /* Info.plist */ = {isa = PBXFileReference; lastKnownFileType = text.plist.xml; path = Info.plist; sourceTree = "<group>"; };
		FAE30D89260E17C6001F3442 /* TicTacToeUITests.xctest */ = {isa = PBXFileReference; explicitFileType = wrapper.cfbundle; includeInIndex = 0; path = TicTacToeUITests.xctest; sourceTree = BUILT_PRODUCTS_DIR; };
		FAE30D8D260E17C6001F3442 /* TicTacToeUITests.swift */ = {isa = PBXFileReference; lastKnownFileType = sourcecode.swift; path = TicTacToeUITests.swift; sourceTree = "<group>"; };
		FAE30D8F260E17C6001F3442 /* Info.plist */ = {isa = PBXFileReference; lastKnownFileType = text.plist.xml; path = Info.plist; sourceTree = "<group>"; };
/* End PBXFileReference section */

/* Begin PBXFrameworksBuildPhase section */
		FAE30D65260E17C5001F3442 /* Frameworks */ = {
			isa = PBXFrameworksBuildPhase;
			buildActionMask = 2147483647;
			files = (
			);
			runOnlyForDeploymentPostprocessing = 0;
		};
		FAE30D7B260E17C6001F3442 /* Frameworks */ = {
			isa = PBXFrameworksBuildPhase;
			buildActionMask = 2147483647;
			files = (
			);
			runOnlyForDeploymentPostprocessing = 0;
		};
		FAE30D86260E17C6001F3442 /* Frameworks */ = {
			isa = PBXFrameworksBuildPhase;
			buildActionMask = 2147483647;
			files = (
			);
			runOnlyForDeploymentPostprocessing = 0;
		};
/* End PBXFrameworksBuildPhase section */

/* Begin PBXGroup section */
		FAE30D5F260E17C5001F3442 = {
			isa = PBXGroup;
			children = (
				FAE30D6A260E17C5001F3442 /* TicTacToe */,
				FAE30D81260E17C6001F3442 /* TicTacToeTests */,
				FAE30D8C260E17C6001F3442 /* TicTacToeUITests */,
				FAE30D69260E17C5001F3442 /* Products */,
			);
			sourceTree = "<group>";
		};
		FAE30D69260E17C5001F3442 /* Products */ = {
			isa = PBXGroup;
			children = (
				FAE30D68260E17C5001F3442 /* TicTacToe.app */,
				FAE30D7E260E17C6001F3442 /* TicTacToeTests.xctest */,
				FAE30D89260E17C6001F3442 /* TicTacToeUITests.xctest */,
			);
			name = Products;
			sourceTree = "<group>";
		};
		FAE30D6A260E17C5001F3442 /* TicTacToe */ = {
			isa = PBXGroup;
			children = (
				FAE30D6B260E17C5001F3442 /* AppDelegate.swift */,
				FAE30D6D260E17C5001F3442 /* SceneDelegate.swift */,
				FAE30D6F260E17C5001F3442 /* ViewController.swift */,
				FAE30D71260E17C5001F3442 /* Main.storyboard */,
				FAE30D74260E17C6001F3442 /* Assets.xcassets */,
				FAE30D76260E17C6001F3442 /* LaunchScreen.storyboard */,
				FAE30D79260E17C6001F3442 /* Info.plist */,
			);
			path = TicTacToe;
			sourceTree = "<group>";
		};
		FAE30D81260E17C6001F3442 /* TicTacToeTests */ = {
			isa = PBXGroup;
			children = (
				FAE30D82260E17C6001F3442 /* TicTacToeTests.swift */,
				FAE30D84260E17C6001F3442 /* Info.plist */,
			);
			path = TicTacToeTests;
			sourceTree = "<group>";
		};
		FAE30D8C260E17C6001F3442 /* TicTacToeUITests */ = {
			isa = PBXGroup;
			children = (
				FAE30D8D260E17C6001F3442 /* TicTacToeUITests.swift */,
				FAE30D8F260E17C6001F3442 /* Info.plist */,
			);
			path = TicTacToeUITests;
			sourceTree = "<group>";
		};
/* End PBXGroup section */

/* Begin PBXNativeTarget section */
		FAE30D67260E17C5001F3442 /* TicTacToe */ = {
			isa = PBXNativeTarget;
			buildConfigurationList = FAE30D92260E17C6001F3442 /* Build configuration list for PBXNativeTarget "TicTacToe" */;
			buildPhases = (
				FAE30D64260E17C5001F3442 /* Sources */,
				FAE30D65260E17C5001F3442 /* Frameworks */,
				FAE30D66260E17C5001F3442 /* Resources */,
			);
			buildRules = (
			);
			dependencies = (
			);
			name = TicTacToe;
			productName = TicTacToe;
			productReference = FAE30D68260E17C5001F3442 /* TicTacToe.app */;
			productType = "com.apple.product-type.application";
		};
		FAE30D7D260E17C6001F3442 /* TicTacToeTests */ = {
			isa = PBXNativeTarget;
			buildConfigurationList = FAE30D95260E17C6001F3442 /* Build configuration list for PBXNativeTarget "TicTacToeTests" */;
			buildPhases = (
				FAE30D7A260E17C6001F3442 /* Sources */,
				FAE30D7B260E17C6001F3442 /* Frameworks */,
				FAE30D7C260E17C6001F3442 /* Resources */,
			);
			buildRules = (
			);
			dependencies = (
				FAE30D80260E17C6001F3442 /* PBXTargetDependency */,
			);
			name = TicTacToeTests;
			productName = TicTacToeTests;
			productReference = FAE30D7E260E17C6001F3442 /* TicTacToeTests.xctest */;
			productType = "com.apple.product-type.bundle.unit-test";
		};
		FAE30D88260E17C6001F3442 /* TicTacToeUITests */ = {
			isa = PBXNativeTarget;
			buildConfigurationList = FAE30D98260E17C6001F3442 /* Build configuration list for PBXNativeTarget "TicTacToeUITests" */;
			buildPhases = (
				FAE30D85260E17C6001F3442 /* Sources */,
				FAE30D86260E17C6001F3442 /* Frameworks */,
				FAE30D87260E17C6001F3442 /* Resources */,
			);
			buildRules = (
			);
			dependencies = (
				FAE30D8B260E17C6001F3442 /* PBXTargetDependency */,
			);
			name = TicTacToeUITests;
			productName = TicTacToeUITests;
			productReference = FAE30D89260E17C6001F3442 /* TicTacToeUITests.xctest */;
			productType = "com.apple.product-type.bundle.ui-testing";
		};
/* End PBXNativeTarget section */

/* Begin PBXProject section */
		FAE30D60260E17C5001F3442 /* Project object */ = {
			isa = PBXProject;
			attributes = {
				LastSwiftUpdateCheck = 1240;
				LastUpgradeCheck = 1240;
				TargetAttributes = {
					FAE30D67260E17C5001F3442 = {
						CreatedOnToolsVersion = 12.4;
					};
					FAE30D7D260E17C6001F3442 = {
						CreatedOnToolsVersion = 12.4;
						TestTargetID = FAE30D67260E17C5001F3442;
					};
					FAE30D88260E17C6001F3442 = {
						CreatedOnToolsVersion = 12.4;
						TestTargetID = FAE30D67260E17C5001F3442;
					};
				};
			};
			buildConfigurationList = FAE30D63260E17C5001F3442 /* Build configuration list for PBXProject "TicTacToe" */;
			compatibilityVersion = "Xcode 9.3";
			developmentRegion = en;
			hasScannedForEncodings = 0;
			knownRegions = (
				en,
				Base,
			);
			mainGroup = FAE30D5F260E17C5001F3442;
			productRefGroup = FAE30D69260E17C5001F3442 /* Products */;
			projectDirPath = "";
			projectRoot = "";
			targets = (
				FAE30D67260E17C5001F3442 /* TicTacToe */,
				FAE30D7D260E17C6001F3442 /* TicTacToeTests */,
				FAE30D88260E17C6001F3442 /* TicTacToeUITests */,
			);
		};
/* End PBXProject section */

/* Begin PBXResourcesBuildPhase section */
		FAE30D66260E17C5001F3442 /* Resources */ = {
			isa = PBXResourcesBuildPhase;
			buildActionMask = 2147483647;
			files = (
				FAE30D78260E17C6001F3442 /* LaunchScreen.storyboard in Resources */,
				FAE30D75260E17C6001F3442 /* Assets.xcassets in Resources */,
				FAE30D73260E17C5001F3442 /* Main.storyboard in Resources */,
			);
			runOnlyForDeploymentPostprocessing = 0;
		};
		FAE30D7C260E17C6001F3442 /* Resources */ = {
			isa = PBXResourcesBuildPhase;
			buildActionMask = 2147483647;
			files = (
			);
			runOnlyForDeploymentPostprocessing = 0;
		};
		FAE30D87260E17C6001F3442 /* Resources */ = {
			isa = PBXResourcesBuildPhase;
			buildActionMask = 2147483647;
			files = (
			);
			runOnlyForDeploymentPostprocessing = 0;
		};
/* End PBXResourcesBuildPhase section */

/* Begin PBXSourcesBuildPhase section */
		FAE30D64260E17C5001F3442 /* Sources */ = {
			isa = PBXSourcesBuildPhase;
			buildActionMask = 2147483647;
			files = (
				FAE30D70260E17C5001F3442 /* ViewController.swift in Sources */,
				FAE30D6C260E17C5001F3442 /* AppDelegate.swift in Sources */,
				FAE30D6E260E17C5001F3442 /* SceneDelegate.swift in Sources */,
			);
			runOnlyForDeploymentPostprocessing = 0;
		};
		FAE30D7A260E17C6001F3442 /* Sources */ = {
			isa = PBXSourcesBuildPhase;
			buildActionMask = 2147483647;
			files = (
				FAE30D83260E17C6001F3442 /* TicTacToeTests.swift in Sources */,
			);
			runOnlyForDeploymentPostprocessing = 0;
		};
		FAE30D85260E17C6001F3442 /* Sources */ = {
			isa = PBXSourcesBuildPhase;
			buildActionMask = 2147483647;
			files = (
				FAE30D8E260E17C6001F3442 /* TicTacToeUITests.swift in Sources */,
			);
			runOnlyForDeploymentPostprocessing = 0;
		};
/* End PBXSourcesBuildPhase section */

/* Begin PBXTargetDependency section */
		FAE30D80260E17C6001F3442 /* PBXTargetDependency */ = {
			isa = PBXTargetDependency;
			target = FAE30D67260E17C5001F3442 /* TicTacToe */;
			targetProxy = FAE30D7F260E17C6001F3442 /* PBXContainerItemProxy */;
		};
		FAE30D8B260E17C6001F3442 /* PBXTargetDependency */ = {
			isa = PBXTargetDependency;
			target = FAE30D67260E17C5001F3442 /* TicTacToe */;
			targetProxy = FAE30D8A260E17C6001F3442 /* PBXContainerItemProxy */;
		};
/* End PBXTargetDependency section */

/* Begin PBXVariantGroup section */
		FAE30D71260E17C5001F3442 /* Main.storyboard */ = {
			isa = PBXVariantGroup;
			children = (
				FAE30D72260E17C5001F3442 /* Base */,
			);
			name = Main.storyboard;
			sourceTree = "<group>";
		};
		FAE30D76260E17C6001F3442 /* LaunchScreen.storyboard */ = {
			isa = PBXVariantGroup;
			children = (
				FAE30D77260E17C6001F3442 /* Base */,
			);
			name = LaunchScreen.storyboard;
			sourceTree = "<group>";
		};
/* End PBXVariantGroup section */

/* Begin XCBuildConfiguration section */
		FAE30D90260E17C6001F3442 /* Debug */ = {
			isa = XCBuildConfiguration;
			buildSettings = {
				ALWAYS_SEARCH_USER_PATHS = NO;
				CLANG_ANALYZER_NONNULL = YES;
				CLANG_ANALYZER_NUMBER_OBJECT_CONVERSION = YES_AGGRESSIVE;
				CLANG_CXX_LANGUAGE_STANDARD = "gnu++14";
				CLANG_CXX_LIBRARY = "libc++";
				CLANG_ENABLE_MODULES = YES;
				CLANG_ENABLE_OBJC_ARC = YES;
				CLANG_ENABLE_OBJC_WEAK = YES;
				CLANG_WARN_BLOCK_CAPTURE_AUTORELEASING = YES;
				CLANG_WARN_BOOL_CONVERSION = YES;
				CLANG_WARN_COMMA = YES;
				CLANG_WARN_CONSTANT_CONVERSION = YES;
				CLANG_WARN_DEPRECATED_OBJC_IMPLEMENTATIONS = YES;
				CLANG_WARN_DIRECT_OBJC_ISA_USAGE = YES_ERROR;
				CLANG_WARN_DOCUMENTATION_COMMENTS = YES;
				CLANG_WARN_EMPTY_BODY = YES;
				CLANG_WARN_ENUM_CONVERSION = YES;
				CLANG_WARN_INFINITE_RECURSION = YES;
				CLANG_WARN_INT_CONVERSION = YES;
				CLANG_WARN_NON_LITERAL_NULL_CONVERSION = YES;
				CLANG_WARN_OBJC_IMPLICIT_RETAIN_SELF = YES;
				CLANG_WARN_OBJC_LITERAL_CONVERSION = YES;
				CLANG_WARN_OBJC_ROOT_CLASS = YES_ERROR;
				CLANG_WARN_QUOTED_INCLUDE_IN_FRAMEWORK_HEADER = YES;
				CLANG_WARN_RANGE_LOOP_ANALYSIS = YES;
				CLANG_WARN_STRICT_PROTOTYPES = YES;
				CLANG_WARN_SUSPICIOUS_MOVE = YES;
				CLANG_WARN_UNGUARDED_AVAILABILITY = YES_AGGRESSIVE;
				CLANG_WARN_UNREACHABLE_CODE = YES;
				CLANG_WARN__DUPLICATE_METHOD_MATCH = YES;
				COPY_PHASE_STRIP = NO;
				DEBUG_INFORMATION_FORMAT = dwarf;
				ENABLE_STRICT_OBJC_MSGSEND = YES;
				ENABLE_TESTABILITY = YES;
				GCC_C_LANGUAGE_STANDARD = gnu11;
				GCC_DYNAMIC_NO_PIC = NO;
				GCC_NO_COMMON_BLOCKS = YES;
				GCC_OPTIMIZATION_LEVEL = 0;
				GCC_PREPROCESSOR_DEFINITIONS = (
					"DEBUG=1",
					"$(inherited)",
				);
				GCC_WARN_64_TO_32_BIT_CONVERSION = YES;
				GCC_WARN_ABOUT_RETURN_TYPE = YES_ERROR;
				GCC_WARN_UNDECLARED_SELECTOR = YES;
				GCC_WARN_UNINITIALIZED_AUTOS = YES_AGGRESSIVE;
				GCC_WARN_UNUSED_FUNCTION = YES;
				GCC_WARN_UNUSED_VARIABLE = YES;
				IPHONEOS_DEPLOYMENT_TARGET = 14.4;
				MTL_ENABLE_DEBUG_INFO = INCLUDE_SOURCE;
				MTL_FAST_MATH = YES;
				ONLY_ACTIVE_ARCH = YES;
				SDKROOT = iphoneos;
				SWIFT_ACTIVE_COMPILATION_CONDITIONS = DEBUG;
				SWIFT_OPTIMIZATION_LEVEL = "-Onone";
			};
			name = Debug;
		};
		FAE30D91260E17C6001F3442 /* Release */ = {
			isa = XCBuildConfiguration;
			buildSettings = {
				ALWAYS_SEARCH_USER_PATHS = NO;
				CLANG_ANALYZER_NONNULL = YES;
				CLANG_ANALYZER_NUMBER_OBJECT_CONVERSION = YES_AGGRESSIVE;
				CLANG_CXX_LANGUAGE_STANDARD = "gnu++14";
				CLANG_CXX_LIBRARY = "libc++";
				CLANG_ENABLE_MODULES = YES;
				CLANG_ENABLE_OBJC_ARC = YES;
				CLANG_ENABLE_OBJC_WEAK = YES;
				CLANG_WARN_BLOCK_CAPTURE_AUTORELEASING = YES;
				CLANG_WARN_BOOL_CONVERSION = YES;
				CLANG_WARN_COMMA = YES;
				CLANG_WARN_CONSTANT_CONVERSION = YES;
				CLANG_WARN_DEPRECATED_OBJC_IMPLEMENTATIONS = YES;
				CLANG_WARN_DIRECT_OBJC_ISA_USAGE = YES_ERROR;
				CLANG_WARN_DOCUMENTATION_COMMENTS = YES;
				CLANG_WARN_EMPTY_BODY = YES;
				CLANG_WARN_ENUM_CONVERSION = YES;
				CLANG_WARN_INFINITE_RECURSION = YES;
				CLANG_WARN_INT_CONVERSION = YES;
				CLANG_WARN_NON_LITERAL_NULL_CONVERSION = YES;
				CLANG_WARN_OBJC_IMPLICIT_RETAIN_SELF = YES;
				CLANG_WARN_OBJC_LITERAL_CONVERSION = YES;
				CLANG_WARN_OBJC_ROOT_CLASS = YES_ERROR;
				CLANG_WARN_QUOTED_INCLUDE_IN_FRAMEWORK_HEADER = YES;
				CLANG_WARN_RANGE_LOOP_ANALYSIS = YES;
				CLANG_WARN_STRICT_PROTOTYPES = YES;
				CLANG_WARN_SUSPICIOUS_MOVE = YES;
				CLANG_WARN_UNGUARDED_AVAILABILITY = YES_AGGRESSIVE;
				CLANG_WARN_UNREACHABLE_CODE = YES;
				CLANG_WARN__DUPLICATE_METHOD_MATCH = YES;
				COPY_PHASE_STRIP = NO;
				DEBUG_INFORMATION_FORMAT = "dwarf-with-dsym";
				ENABLE_NS_ASSERTIONS = NO;
				ENABLE_STRICT_OBJC_MSGSEND = YES;
				GCC_C_LANGUAGE_STANDARD = gnu11;
				GCC_NO_COMMON_BLOCKS = YES;
				GCC_WARN_64_TO_32_BIT_CONVERSION = YES;
				GCC_WARN_ABOUT_RETURN_TYPE = YES_ERROR;
				GCC_WARN_UNDECLARED_SELECTOR = YES;
				GCC_WARN_UNINITIALIZED_AUTOS = YES_AGGRESSIVE;
				GCC_WARN_UNUSED_FUNCTION = YES;
				GCC_WARN_UNUSED_VARIABLE = YES;
				IPHONEOS_DEPLOYMENT_TARGET = 14.4;
				MTL_ENABLE_DEBUG_INFO = NO;
				MTL_FAST_MATH = YES;
				SDKROOT = iphoneos;
				SWIFT_COMPILATION_MODE = wholemodule;
				SWIFT_OPTIMIZATION_LEVEL = "-O";
				VALIDATE_PRODUCT = YES;
			};
			name = Release;
		};
		FAE30D93260E17C6001F3442 /* Debug */ = {
			isa = XCBuildConfiguration;
			buildSettings = {
				ASSETCATALOG_COMPILER_APPICON_NAME = AppIcon;
				ASSETCATALOG_COMPILER_GLOBAL_ACCENT_COLOR_NAME = AccentColor;
				CODE_SIGN_STYLE = Automatic;
				DEVELOPMENT_TEAM = HCMNC3J387;
				INFOPLIST_FILE = TicTacToe/Info.plist;
				LD_RUNPATH_SEARCH_PATHS = (
					"$(inherited)",
					"@executable_path/Frameworks",
				);
				PRODUCT_BUNDLE_IDENTIFIER = "edu.nu.drkh-n.TicTacToe";
				PRODUCT_NAME = "$(TARGET_NAME)";
				SWIFT_VERSION = 5.0;
				TARGETED_DEVICE_FAMILY = "1,2";
			};
			name = Debug;
		};
		FAE30D94260E17C6001F3442 /* Release */ = {
			isa = XCBuildConfiguration;
			buildSettings = {
				ASSETCATALOG_COMPILER_APPICON_NAME = AppIcon;
				ASSETCATALOG_COMPILER_GLOBAL_ACCENT_COLOR_NAME = AccentColor;
				CODE_SIGN_STYLE = Automatic;
				DEVELOPMENT_TEAM = HCMNC3J387;
				INFOPLIST_FILE = TicTacToe/Info.plist;
				LD_RUNPATH_SEARCH_PATHS = (
					"$(inherited)",
					"@executable_path/Frameworks",
				);
				PRODUCT_BUNDLE_IDENTIFIER = "edu.nu.drkh-n.TicTacToe";
				PRODUCT_NAME = "$(TARGET_NAME)";
				SWIFT_VERSION = 5.0;
				TARGETED_DEVICE_FAMILY = "1,2";
			};
			name = Release;
		};
		FAE30D96260E17C6001F3442 /* Debug */ = {
			isa = XCBuildConfiguration;
			buildSettings = {
				ALWAYS_EMBED_SWIFT_STANDARD_LIBRARIES = YES;
				BUNDLE_LOADER = "$(TEST_HOST)";
				CODE_SIGN_STYLE = Automatic;
				DEVELOPMENT_TEAM = HCMNC3J387;
				INFOPLIST_FILE = TicTacToeTests/Info.plist;
				IPHONEOS_DEPLOYMENT_TARGET = 14.4;
				LD_RUNPATH_SEARCH_PATHS = (
					"$(inherited)",
					"@executable_path/Frameworks",
					"@loader_path/Frameworks",
				);
				PRODUCT_BUNDLE_IDENTIFIER = "edu.nu.drkh-n.TicTacToeTests";
				PRODUCT_NAME = "$(TARGET_NAME)";
				SWIFT_VERSION = 5.0;
				TARGETED_DEVICE_FAMILY = "1,2";
				TEST_HOST = "$(BUILT_PRODUCTS_DIR)/TicTacToe.app/TicTacToe";
			};
			name = Debug;
		};
		FAE30D97260E17C6001F3442 /* Release */ = {
			isa = XCBuildConfiguration;
			buildSettings = {
				ALWAYS_EMBED_SWIFT_STANDARD_LIBRARIES = YES;
				BUNDLE_LOADER = "$(TEST_HOST)";
				CODE_SIGN_STYLE = Automatic;
				DEVELOPMENT_TEAM = HCMNC3J387;
				INFOPLIST_FILE = TicTacToeTests/Info.plist;
				IPHONEOS_DEPLOYMENT_TARGET = 14.4;
				LD_RUNPATH_SEARCH_PATHS = (
					"$(inherited)",
					"@executable_path/Frameworks",
					"@loader_path/Frameworks",
				);
				PRODUCT_BUNDLE_IDENTIFIER = "edu.nu.drkh-n.TicTacToeTests";
				PRODUCT_NAME = "$(TARGET_NAME)";
				SWIFT_VERSION = 5.0;
				TARGETED_DEVICE_FAMILY = "1,2";
				TEST_HOST = "$(BUILT_PRODUCTS_DIR)/TicTacToe.app/TicTacToe";
			};
			name = Release;
		};
		FAE30D99260E17C6001F3442 /* Debug */ = {
			isa = XCBuildConfiguration;
			buildSettings = {
				ALWAYS_EMBED_SWIFT_STANDARD_LIBRARIES = YES;
				CODE_SIGN_STYLE = Automatic;
				DEVELOPMENT_TEAM = HCMNC3J387;
				INFOPLIST_FILE = TicTacToeUITests/Info.plist;
				LD_RUNPATH_SEARCH_PATHS = (
					"$(inherited)",
					"@executable_path/Frameworks",
					"@loader_path/Frameworks",
				);
				PRODUCT_BUNDLE_IDENTIFIER = "edu.nu.drkh-n.TicTacToeUITests";
				PRODUCT_NAME = "$(TARGET_NAME)";
				SWIFT_VERSION = 5.0;
				TARGETED_DEVICE_FAMILY = "1,2";
				TEST_TARGET_NAME = TicTacToe;
			};
			name = Debug;
		};
		FAE30D9A260E17C6001F3442 /* Release */ = {
			isa = XCBuildConfiguration;
			buildSettings = {
				ALWAYS_EMBED_SWIFT_STANDARD_LIBRARIES = YES;
				CODE_SIGN_STYLE = Automatic;
				DEVELOPMENT_TEAM = HCMNC3J387;
				INFOPLIST_FILE = TicTacToeUITests/Info.plist;
				LD_RUNPATH_SEARCH_PATHS = (
					"$(inherited)",
					"@executable_path/Frameworks",
					"@loader_path/Frameworks",
				);
				PRODUCT_BUNDLE_IDENTIFIER = "edu.nu.drkh-n.TicTacToeUITests";
				PRODUCT_NAME = "$(TARGET_NAME)";
				SWIFT_VERSION = 5.0;
				TARGETED_DEVICE_FAMILY = "1,2";
				TEST_TARGET_NAME = TicTacToe;
			};
			name = Release;
		};
/* End XCBuildConfiguration section */

/* Begin XCConfigurationList section */
		FAE30D63260E17C5001F3442 /* Build configuration list for PBXProject "TicTacToe" */ = {
			isa = XCConfigurationList;
			buildConfigurations = (
				FAE30D90260E17C6001F3442 /* Debug */,
				FAE30D91260E17C6001F3442 /* Release */,
			);
			defaultConfigurationIsVisible = 0;
			defaultConfigurationName = Release;
		};
		FAE30D92260E17C6001F3442 /* Build configuration list for PBXNativeTarget "TicTacToe" */ = {
			isa = XCConfigurationList;
			buildConfigurations = (
				FAE30D93260E17C6001F3442 /* Debug */,
				FAE30D94260E17C6001F3442 /* Release */,
			);
			defaultConfigurationIsVisible = 0;
			defaultConfigurationName = Release;
		};
		FAE30D95260E17C6001F3442 /* Build configuration list for PBXNativeTarget "TicTacToeTests" */ = {
			isa = XCConfigurationList;
			buildConfigurations = (
				FAE30D96260E17C6001F3442 /* Debug */,
				FAE30D97260E17C6001F3442 /* Release */,
			);
			defaultConfigurationIsVisible = 0;
			defaultConfigurationName = Release;
		};
		FAE30D98260E17C6001F3442 /* Build configuration list for PBXNativeTarget "TicTacToeUITests" */ = {
			isa = XCConfigurationList;
			buildConfigurations = (
				FAE30D99260E17C6001F3442 /* Debug */,
				FAE30D9A260E17C6001F3442 /* Release */,
			);
			defaultConfigurationIsVisible = 0;
			defaultConfigurationName = Release;
		};
/* End XCConfigurationList section */
	};
	rootObject = FAE30D60260E17C5001F3442 /* Project object */;
}
